
Microsoft Visual Studio Solution File, Format Version 12.00
# Visual Studio 14
VisualStudioVersion = 14.0.25420.1
MinimumVisualStudioVersion = 10.0.40219.1
Project("{FAE04EC0-301F-11D3-BF4B-00C04F79EFBC}") = "CalibrationPlateChangerClient", "CalibrationPlateChangerClient\CalibrationPlateChangerClient.csproj", "{19C84287-6848-4BB5-91FC-6D02E90A49CD}"
EndProject
Project("{FAE04EC0-301F-11D3-BF4B-00C04F79EFBC}") = "CalibrationPlateChangerClientTests", "CalibrationPlateChangerClientTests\CalibrationPlateChangerClientTests.csproj", "{6A2E9A66-6F81-49B6-9C50-CEF787452FBB}"
EndProject
Global
	GlobalSection(SolutionConfigurationPlatforms) = preSolution
		Debug|Any CPU = Debug|Any CPU
		Release|Any CPU = Release|Any CPU
	EndGlobalSection
	GlobalSection(ProjectConfigurationPlatforms) = postSolution
		{19C84287-6848-4BB5-91FC-6D02E90A49CD}.Debug|Any CPU.ActiveCfg = Debug|Any CPU
		{19C84287-6848-4BB5-91FC-6D02E90A49CD}.Debug|Any CPU.Build.0 = Debug|Any CPU
		{19C84287-6848-4BB5-91FC-6D02E90A49CD}.Release|Any CPU.ActiveCfg = Release|Any CPU
		{19C84287-6848-4BB5-91FC-6D02E90A49CD}.Release|Any CPU.Build.0 = Release|Any CPU
		{6A2E9A66-6F81-49B6-9C50-CEF787452FBB}.Debug|Any CPU.ActiveCfg = Debug|Any CPU
		{6A2E9A66-6F81-49B6-9C50-CEF787452FBB}.Debug|Any CPU.Build.0 = Debug|Any CPU
		{6A2E9A66-6F81-49B6-9C50-CEF787452FBB}.Release|Any CPU.ActiveCfg = Release|Any CPU
		{6A2E9A66-6F81-49B6-9C50-CEF787452FBB}.Release|Any CPU.Build.0 = Release|Any CPU
	EndGlobalSection
	GlobalSection(SolutionProperties) = preSolution
		HideSolutionNode = FALSE
	EndGlobalSection
EndGlobal
